// !$*UTF8*$!
{
	archiveVersion = 1;
	classes = {
	};
	objectVersion = 50;
	objects = {

/* Begin PBXBuildFile section */
		FA140F5A2261EA7700CB00FF /* index.html in Resources */ = {isa = PBXBuildFile; fileRef = FA140F542261EA7700CB00FF /* index.html */; };
		FA140F5B2261EA7700CB00FF /* style.css in Resources */ = {isa = PBXBuildFile; fileRef = FA140F562261EA7700CB00FF /* style.css */; };
		FA140F5D2261EA7700CB00FF /* js.js in Resources */ = {isa = PBXBuildFile; fileRef = FA140F592261EA7700CB00FF /* js.js */; };
		FA38C43D225C1AD000816827 /* AppDelegate.swift in Sources */ = {isa = PBXBuildFile; fileRef = FA38C43C225C1AD000816827 /* AppDelegate.swift */; };
		FA38C43F225C1AD000816827 /* ViewController.swift in Sources */ = {isa = PBXBuildFile; fileRef = FA38C43E225C1AD000816827 /* ViewController.swift */; };
		FA38C442225C1AD000816827 /* Main.storyboard in Resources */ = {isa = PBXBuildFile; fileRef = FA38C440225C1AD000816827 /* Main.storyboard */; };
		FA38C444225C1AD100816827 /* Assets.xcassets in Resources */ = {isa = PBXBuildFile; fileRef = FA38C443225C1AD100816827 /* Assets.xcassets */; };
		FA38C447225C1AD100816827 /* LaunchScreen.storyboard in Resources */ = {isa = PBXBuildFile; fileRef = FA38C445225C1AD100816827 /* LaunchScreen.storyboard */; };
		FA38C450225C44FF00816827 /* AppRTCViewController.m in Sources */ = {isa = PBXBuildFile; fileRef = FA38C44F225C44FF00816827 /* AppRTCViewController.m */; };
/* End PBXBuildFile section */

/* Begin PBXFileReference section */
		2BB3FEB52449F928C29489F1D8210409 /* WebRTC.framework */ = {isa = PBXFileReference; lastKnownFileType = wrapper.framework; path = WebRTC.framework; sourceTree = "<group>"; };
		FA140F372261B35500CB00FF /* AppRTC.framework */ = {isa = PBXFileReference; explicitFileType = wrapper.framework; path = AppRTC.framework; sourceTree = BUILT_PRODUCTS_DIR; };
		FA140F392261B35500CB00FF /* SocketRocket.framework */ = {isa = PBXFileReference; explicitFileType = wrapper.framework; path = SocketRocket.framework; sourceTree = BUILT_PRODUCTS_DIR; };
		FA140F542261EA7700CB00FF /* index.html */ = {isa = PBXFileReference; fileEncoding = 4; lastKnownFileType = text.html; path = index.html; sourceTree = "<group>"; };
		FA140F562261EA7700CB00FF /* style.css */ = {isa = PBXFileReference; fileEncoding = 4; lastKnownFileType = text.css; path = style.css; sourceTree = "<group>"; };
		FA140F592261EA7700CB00FF /* js.js */ = {isa = PBXFileReference; fileEncoding = 4; lastKnownFileType = sourcecode.javascript; path = js.js; sourceTree = "<group>"; };
		FA38C439225C1AD000816827 /* webview-getusermedia.app */ = {isa = PBXFileReference; explicitFileType = wrapper.application; includeInIndex = 0; path = "webview-getusermedia.app"; sourceTree = BUILT_PRODUCTS_DIR; };
		FA38C43C225C1AD000816827 /* AppDelegate.swift */ = {isa = PBXFileReference; lastKnownFileType = sourcecode.swift; path = AppDelegate.swift; sourceTree = "<group>"; };
		FA38C43E225C1AD000816827 /* ViewController.swift */ = {isa = PBXFileReference; lastKnownFileType = sourcecode.swift; path = ViewController.swift; sourceTree = "<group>"; };
		FA38C441225C1AD000816827 /* Base */ = {isa = PBXFileReference; lastKnownFileType = file.storyboard; name = Base; path = Base.lproj/Main.storyboard; sourceTree = "<group>"; };
		FA38C443225C1AD100816827 /* Assets.xcassets */ = {isa = PBXFileReference; lastKnownFileType = folder.assetcatalog; path = Assets.xcassets; sourceTree = "<group>"; };
		FA38C446225C1AD100816827 /* Base */ = {isa = PBXFileReference; lastKnownFileType = file.storyboard; name = Base; path = Base.lproj/LaunchScreen.storyboard; sourceTree = "<group>"; };
		FA38C448225C1AD100816827 /* Info.plist */ = {isa = PBXFileReference; lastKnownFileType = text.plist.xml; path = Info.plist; sourceTree = "<group>"; };
		FA38C44E225C44FF00816827 /* webview-getusermedia-Bridging-Header.h */ = {isa = PBXFileReference; lastKnownFileType = sourcecode.c.h; path = "webview-getusermedia-Bridging-Header.h"; sourceTree = "<group>"; };
		FA38C44F225C44FF00816827 /* AppRTCViewController.m */ = {isa = PBXFileReference; lastKnownFileType = sourcecode.c.objc; name = AppRTCViewController.m; path = "webview-getusermedia/AppRTCViewController.m"; sourceTree = "<group>"; };
		FA38C451225C451200816827 /* AppRTCViewController.h */ = {isa = PBXFileReference; lastKnownFileType = sourcecode.c.h; path = AppRTCViewController.h; sourceTree = "<group>"; };
/* End PBXFileReference section */

/* Begin PBXFrameworksBuildPhase section */
		FA38C436225C1AD000816827 /* Frameworks */ = {
			isa = PBXFrameworksBuildPhase;
			buildActionMask = 2147483647;
			files = (
			);
			runOnlyForDeploymentPostprocessing = 0;
		};
/* End PBXFrameworksBuildPhase section */

/* Begin PBXGroup section */
		B9B5F91648AD1343717AC4B6 /* Frameworks */ = {
			isa = PBXGroup;
			children = (
				FA140F372261B35500CB00FF /* AppRTC.framework */,
				FA140F392261B35500CB00FF /* SocketRocket.framework */,
			);
			name = Frameworks;
			sourceTree = "<group>";
		};
		FA140F412261C30900CB00FF /* Recovered References */ = {
			isa = PBXGroup;
			children = (
				2BB3FEB52449F928C29489F1D8210409 /* WebRTC.framework */,
			);
			name = "Recovered References";
			sourceTree = "<group>";
		};
		FA140F532261EA7700CB00FF /* WebPage */ = {
			isa = PBXGroup;
			children = (
				FA140F542261EA7700CB00FF /* index.html */,
				FA140F552261EA7700CB00FF /* css */,
				FA140F582261EA7700CB00FF /* javascript */,
			);
			name = WebPage;
			path = "webview-getusermedia/WebPage";
			sourceTree = "<group>";
		};
		FA140F552261EA7700CB00FF /* css */ = {
			isa = PBXGroup;
			children = (
				FA140F562261EA7700CB00FF /* style.css */,
			);
			path = css;
			sourceTree = "<group>";
		};
		FA140F582261EA7700CB00FF /* javascript */ = {
			isa = PBXGroup;
			children = (
				FA140F592261EA7700CB00FF /* js.js */,
			);
			path = javascript;
			sourceTree = "<group>";
		};
		FA38C430225C1AD000816827 = {
			isa = PBXGroup;
			children = (
				FA38C44F225C44FF00816827 /* AppRTCViewController.m */,
				FA38C451225C451200816827 /* AppRTCViewController.h */,
				FA140F532261EA7700CB00FF /* WebPage */,
				FA38C43B225C1AD000816827 /* webview-getusermedia */,
				FA38C43A225C1AD000816827 /* Products */,
				FA38C44E225C44FF00816827 /* webview-getusermedia-Bridging-Header.h */,
				B9B5F91648AD1343717AC4B6 /* Frameworks */,
				FA140F412261C30900CB00FF /* Recovered References */,
			);
			sourceTree = "<group>";
		};
		FA38C43A225C1AD000816827 /* Products */ = {
			isa = PBXGroup;
			children = (
				FA38C439225C1AD000816827 /* webview-getusermedia.app */,
			);
			name = Products;
			sourceTree = "<group>";
		};
		FA38C43B225C1AD000816827 /* webview-getusermedia */ = {
			isa = PBXGroup;
			children = (
				FA38C43C225C1AD000816827 /* AppDelegate.swift */,
				FA38C43E225C1AD000816827 /* ViewController.swift */,
				FA38C440225C1AD000816827 /* Main.storyboard */,
				FA38C443225C1AD100816827 /* Assets.xcassets */,
				FA38C445225C1AD100816827 /* LaunchScreen.storyboard */,
				FA38C448225C1AD100816827 /* Info.plist */,
			);
			path = "webview-getusermedia";
			sourceTree = "<group>";
		};
/* End PBXGroup section */

/* Begin PBXNativeTarget section */
		FA38C438225C1AD000816827 /* webview-getusermedia */ = {
			isa = PBXNativeTarget;
			buildConfigurationList = FA38C44B225C1AD200816827 /* Build configuration list for PBXNativeTarget "webview-getusermedia" */;
			buildPhases = (
				FA38C435225C1AD000816827 /* Sources */,
				FA38C436225C1AD000816827 /* Frameworks */,
				FA38C437225C1AD000816827 /* Resources */,
			);
			buildRules = (
			);
			dependencies = (
			);
			name = "webview-getusermedia";
			productName = "webview-getusermedia";
			productReference = FA38C439225C1AD000816827 /* webview-getusermedia.app */;
			productType = "com.apple.product-type.application";
		};
/* End PBXNativeTarget section */

/* Begin PBXProject section */
		FA38C431225C1AD000816827 /* Project object */ = {
			isa = PBXProject;
			attributes = {
				LastSwiftUpdateCheck = 1010;
				LastUpgradeCheck = 1010;
				ORGANIZATIONNAME = Cactice;
				TargetAttributes = {
					FA38C438225C1AD000816827 = {
						CreatedOnToolsVersion = 10.1;
						LastSwiftMigration = 1010;
					};
				};
			};
			buildConfigurationList = FA38C434225C1AD000816827 /* Build configuration list for PBXProject "webview-getusermedia" */;
			compatibilityVersion = "Xcode 9.3";
			developmentRegion = en;
			hasScannedForEncodings = 0;
			knownRegions = (
				en,
				Base,
			);
			mainGroup = FA38C430225C1AD000816827;
			productRefGroup = FA38C43A225C1AD000816827 /* Products */;
			projectDirPath = "";
			projectRoot = "";
			targets = (
				FA38C438225C1AD000816827 /* webview-getusermedia */,
			);
		};
/* End PBXProject section */

/* Begin PBXResourcesBuildPhase section */
		FA38C437225C1AD000816827 /* Resources */ = {
			isa = PBXResourcesBuildPhase;
			buildActionMask = 2147483647;
			files = (
				FA140F5A2261EA7700CB00FF /* index.html in Resources */,
				FA140F5B2261EA7700CB00FF /* style.css in Resources */,
				FA38C447225C1AD100816827 /* LaunchScreen.storyboard in Resources */,
				FA38C444225C1AD100816827 /* Assets.xcassets in Resources */,
				FA140F5D2261EA7700CB00FF /* js.js in Resources */,
				FA38C442225C1AD000816827 /* Main.storyboard in Resources */,
			);
			runOnlyForDeploymentPostprocessing = 0;
		};
/* End PBXResourcesBuildPhase section */

/* Begin PBXSourcesBuildPhase section */
		FA38C435225C1AD000816827 /* Sources */ = {
			isa = PBXSourcesBuildPhase;
			buildActionMask = 2147483647;
			files = (
				FA38C450225C44FF00816827 /* AppRTCViewController.m in Sources */,
				FA38C43F225C1AD000816827 /* ViewController.swift in Sources */,
				FA38C43D225C1AD000816827 /* AppDelegate.swift in Sources */,
			);
			runOnlyForDeploymentPostprocessing = 0;
		};
/* End PBXSourcesBuildPhase section */

/* Begin PBXVariantGroup section */
		FA38C440225C1AD000816827 /* Main.storyboard */ = {
			isa = PBXVariantGroup;
			children = (
				FA38C441225C1AD000816827 /* Base */,
			);
			name = Main.storyboard;
			sourceTree = "<group>";
		};
		FA38C445225C1AD100816827 /* LaunchScreen.storyboard */ = {
			isa = PBXVariantGroup;
			children = (
				FA38C446225C1AD100816827 /* Base */,
			);
			name = LaunchScreen.storyboard;
			sourceTree = "<group>";
		};
/* End PBXVariantGroup section */

/* Begin XCBuildConfiguration section */
		FA38C449225C1AD100816827 /* Debug */ = {
			isa = XCBuildConfiguration;
			buildSettings = {
				ALWAYS_SEARCH_USER_PATHS = NO;
				CLANG_ANALYZER_NONNULL = YES;
				CLANG_ANALYZER_NUMBER_OBJECT_CONVERSION = YES_AGGRESSIVE;
				CLANG_CXX_LANGUAGE_STANDARD = "gnu++14";
				CLANG_CXX_LIBRARY = "libc++";
				CLANG_ENABLE_MODULES = YES;
				CLANG_ENABLE_OBJC_ARC = YES;
				CLANG_ENABLE_OBJC_WEAK = YES;
				CLANG_WARN_BLOCK_CAPTURE_AUTORELEASING = YES;
				CLANG_WARN_BOOL_CONVERSION = YES;
				CLANG_WARN_COMMA = YES;
				CLANG_WARN_CONSTANT_CONVERSION = YES;
				CLANG_WARN_DEPRECATED_OBJC_IMPLEMENTATIONS = YES;
				CLANG_WARN_DIRECT_OBJC_ISA_USAGE = YES_ERROR;
				CLANG_WARN_DOCUMENTATION_COMMENTS = YES;
				CLANG_WARN_EMPTY_BODY = YES;
				CLANG_WARN_ENUM_CONVERSION = YES;
				CLANG_WARN_INFINITE_RECURSION = YES;
				CLANG_WARN_INT_CONVERSION = YES;
				CLANG_WARN_NON_LITERAL_NULL_CONVERSION = YES;
				CLANG_WARN_OBJC_IMPLICIT_RETAIN_SELF = YES;
				CLANG_WARN_OBJC_LITERAL_CONVERSION = YES;
				CLANG_WARN_OBJC_ROOT_CLASS = YES_ERROR;
				CLANG_WARN_RANGE_LOOP_ANALYSIS = YES;
				CLANG_WARN_STRICT_PROTOTYPES = YES;
				CLANG_WARN_SUSPICIOUS_MOVE = YES;
				CLANG_WARN_UNGUARDED_AVAILABILITY = YES_AGGRESSIVE;
				CLANG_WARN_UNREACHABLE_CODE = YES;
				CLANG_WARN__DUPLICATE_METHOD_MATCH = YES;
				CODE_SIGN_IDENTITY = "iPhone Developer";
				COPY_PHASE_STRIP = NO;
				DEBUG_INFORMATION_FORMAT = dwarf;
				ENABLE_STRICT_OBJC_MSGSEND = YES;
				ENABLE_TESTABILITY = YES;
				GCC_C_LANGUAGE_STANDARD = gnu11;
				GCC_DYNAMIC_NO_PIC = NO;
				GCC_NO_COMMON_BLOCKS = YES;
				GCC_OPTIMIZATION_LEVEL = 0;
				GCC_PREPROCESSOR_DEFINITIONS = (
					"DEBUG=1",
					"$(inherited)",
				);
				GCC_WARN_64_TO_32_BIT_CONVERSION = YES;
				GCC_WARN_ABOUT_RETURN_TYPE = YES_ERROR;
				GCC_WARN_UNDECLARED_SELECTOR = YES;
				GCC_WARN_UNINITIALIZED_AUTOS = YES_AGGRESSIVE;
				GCC_WARN_UNUSED_FUNCTION = YES;
				GCC_WARN_UNUSED_VARIABLE = YES;
				HEADER_SEARCH_PATHS = "${PODS_ROOT}/Headers/Public";
				IPHONEOS_DEPLOYMENT_TARGET = 12.1;
				MTL_ENABLE_DEBUG_INFO = INCLUDE_SOURCE;
				MTL_FAST_MATH = YES;
				ONLY_ACTIVE_ARCH = YES;
				OTHER_LDFLAGS = "$(inherited)";
				SDKROOT = iphoneos;
				SWIFT_ACTIVE_COMPILATION_CONDITIONS = DEBUG;
				SWIFT_OPTIMIZATION_LEVEL = "-Onone";
			};
			name = Debug;
		};
		FA38C44A225C1AD100816827 /* Release */ = {
			isa = XCBuildConfiguration;
			buildSettings = {
				ALWAYS_SEARCH_USER_PATHS = NO;
				CLANG_ANALYZER_NONNULL = YES;
				CLANG_ANALYZER_NUMBER_OBJECT_CONVERSION = YES_AGGRESSIVE;
				CLANG_CXX_LANGUAGE_STANDARD = "gnu++14";
				CLANG_CXX_LIBRARY = "libc++";
				CLANG_ENABLE_MODULES = YES;
				CLANG_ENABLE_OBJC_ARC = YES;
				CLANG_ENABLE_OBJC_WEAK = YES;
				CLANG_WARN_BLOCK_CAPTURE_AUTORELEASING = YES;
				CLANG_WARN_BOOL_CONVERSION = YES;
				CLANG_WARN_COMMA = YES;
				CLANG_WARN_CONSTANT_CONVERSION = YES;
				CLANG_WARN_DEPRECATED_OBJC_IMPLEMENTATIONS = YES;
				CLANG_WARN_DIRECT_OBJC_ISA_USAGE = YES_ERROR;
				CLANG_WARN_DOCUMENTATION_COMMENTS = YES;
				CLANG_WARN_EMPTY_BODY = YES;
				CLANG_WARN_ENUM_CONVERSION = YES;
				CLANG_WARN_INFINITE_RECURSION = YES;
				CLANG_WARN_INT_CONVERSION = YES;
				CLANG_WARN_NON_LITERAL_NULL_CONVERSION = YES;
				CLANG_WARN_OBJC_IMPLICIT_RETAIN_SELF = YES;
				CLANG_WARN_OBJC_LITERAL_CONVERSION = YES;
				CLANG_WARN_OBJC_ROOT_CLASS = YES_ERROR;
				CLANG_WARN_RANGE_LOOP_ANALYSIS = YES;
				CLANG_WARN_STRICT_PROTOTYPES = YES;
				CLANG_WARN_SUSPICIOUS_MOVE = YES;
				CLANG_WARN_UNGUARDED_AVAILABILITY = YES_AGGRESSIVE;
				CLANG_WARN_UNREACHABLE_CODE = YES;
				CLANG_WARN__DUPLICATE_METHOD_MATCH = YES;
				CODE_SIGN_IDENTITY = "iPhone Developer";
				COPY_PHASE_STRIP = NO;
				DEBUG_INFORMATION_FORMAT = "dwarf-with-dsym";
				ENABLE_NS_ASSERTIONS = NO;
				ENABLE_STRICT_OBJC_MSGSEND = YES;
				GCC_C_LANGUAGE_STANDARD = gnu11;
				GCC_NO_COMMON_BLOCKS = YES;
				GCC_WARN_64_TO_32_BIT_CONVERSION = YES;
				GCC_WARN_ABOUT_RETURN_TYPE = YES_ERROR;
				GCC_WARN_UNDECLARED_SELECTOR = YES;
				GCC_WARN_UNINITIALIZED_AUTOS = YES_AGGRESSIVE;
				GCC_WARN_UNUSED_FUNCTION = YES;
				GCC_WARN_UNUSED_VARIABLE = YES;
				HEADER_SEARCH_PATHS = "${PODS_ROOT}/Headers/Public";
				IPHONEOS_DEPLOYMENT_TARGET = 12.1;
				MTL_ENABLE_DEBUG_INFO = NO;
				MTL_FAST_MATH = YES;
				OTHER_LDFLAGS = "$(inherited)";
				SDKROOT = iphoneos;
				SWIFT_COMPILATION_MODE = wholemodule;
				SWIFT_OPTIMIZATION_LEVEL = "-O";
				VALIDATE_PRODUCT = YES;
			};
			name = Release;
		};
		FA38C44C225C1AD200816827 /* Debug */ = {
			isa = XCBuildConfiguration;
			buildSettings = {
				ASSETCATALOG_COMPILER_APPICON_NAME = AppIcon;
				CLANG_ENABLE_MODULES = YES;
				CODE_SIGN_STYLE = Automatic;
				DEVELOPMENT_TEAM = 29BWQ53ETH;
				ENABLE_BITCODE = NO;
				FRAMEWORK_SEARCH_PATHS = (
					"$(inherited)",
					"$(PROJECT_DIR)/Pods/WebRTC",
				);
				HEADER_SEARCH_PATHS = (
					"$(inherited)",
					"\"${PODS_ROOT}/Headers/libjingle_peerconnection\"",
					"\"${PODS_ROOT}/Headers/Public\"",
					"\"${PODS_ROOT}/Headers/Public/libjingle_peerconnection\"",
				);
				INFOPLIST_FILE = "webview-getusermedia/Info.plist";
				IPHONEOS_DEPLOYMENT_TARGET = 10.3;
				LD_RUNPATH_SEARCH_PATHS = (
					"$(inherited)",
					"@executable_path/Frameworks",
				);
				PRODUCT_BUNDLE_IDENTIFIER = "com.cactice.webview-getusermedia";
				PRODUCT_NAME = "$(TARGET_NAME)";
				SWIFT_OBJC_BRIDGING_HEADER = "webview-getusermedia-Bridging-Header.h";
				SWIFT_OPTIMIZATION_LEVEL = "-Onone";
				SWIFT_VERSION = 4.2;
				TARGETED_DEVICE_FAMILY = "1,2";
			};
			name = Debug;
		};
		FA38C44D225C1AD200816827 /* Release */ = {
			isa = XCBuildConfiguration;
			buildSettings = {
				ASSETCATALOG_COMPILER_APPICON_NAME = AppIcon;
				CLANG_ENABLE_MODULES = YES;
				CODE_SIGN_STYLE = Automatic;
				DEVELOPMENT_TEAM = 29BWQ53ETH;
				ENABLE_BITCODE = NO;
				FRAMEWORK_SEARCH_PATHS = (
					"$(inherited)",
					"$(PROJECT_DIR)/Pods/WebRTC",
				);
				HEADER_SEARCH_PATHS = (
					"$(inherited)",
					"\"${PODS_ROOT}/Headers/libjingle_peerconnection\"",
					"\"${PODS_ROOT}/Headers/Public\"",
					"\"${PODS_ROOT}/Headers/Public/libjingle_peerconnection\"",
				);
				INFOPLIST_FILE = "webview-getusermedia/Info.plist";
				IPHONEOS_DEPLOYMENT_TARGET = 10.3;
				LD_RUNPATH_SEARCH_PATHS = (
					"$(inherited)",
					"@executable_path/Frameworks",
				);
				PRODUCT_BUNDLE_IDENTIFIER = "com.cactice.webview-getusermedia";
				PRODUCT_NAME = "$(TARGET_NAME)";
				SWIFT_OBJC_BRIDGING_HEADER = "webview-getusermedia-Bridging-Header.h";
				SWIFT_VERSION = 4.2;
				TARGETED_DEVICE_FAMILY = "1,2";
			};
			name = Release;
		};
/* End XCBuildConfiguration section */

/* Begin XCConfigurationList section */
		FA38C434225C1AD000816827 /* Build configuration list for PBXProject "webview-getusermedia" */ = {
			isa = XCConfigurationList;
			buildConfigurations = (
				FA38C449225C1AD100816827 /* Debug */,
				FA38C44A225C1AD100816827 /* Release */,
			);
			defaultConfigurationIsVisible = 0;
			defaultConfigurationName = Release;
		};
		FA38C44B225C1AD200816827 /* Build configuration list for PBXNativeTarget "webview-getusermedia" */ = {
			isa = XCConfigurationList;
			buildConfigurations = (
				FA38C44C225C1AD200816827 /* Debug */,
				FA38C44D225C1AD200816827 /* Release */,
			);
			defaultConfigurationIsVisible = 0;
			defaultConfigurationName = Release;
		};
/* End XCConfigurationList section */
	};
	rootObject = FA38C431225C1AD000816827 /* Project object */;
}
